PODS:
  - CrittercismSDK (5.5.1)
  - GoogleAnalytics (3.14.0)
  - OCMock (3.2)
  - UICountingLabel (1.2.0)

DEPENDENCIES:
  - CrittercismSDK (= 5.5.1)
  - GoogleAnalytics (= 3.14.0)
  - OCMock (= 3.2)
  - UICountingLabel (= 1.2.0)

SPEC CHECKSUMS:
  CrittercismSDK: 5720de59e172ffd2149a634a9259672b9fadb7ed
  GoogleAnalytics: 9be1afdb8deeac4bb5f13ca7f7d3b9db2a1f43dc
  OCMock: 28def049ef47f996b515a8eeea958be7ccab2dbb
  UICountingLabel: 1db4e7d023e1762171eb226d6dff47a7a84f27aa

PODFILE CHECKSUM: a7eb3ad3f49d23711e74a37b89d224767e1ba6a2

COCOAPODS: 1.0.0.beta.3
